# This file is automatically @generated by Cargo.
# It is not intended for manual editing.
[[package]]
name = "owo-colors"
version = "2.0.0"
source = "registry+https://github.com/rust-lang/crates.io-index"
checksum = "f2fe43bf372b08cc9ccee5144715db59c79ab00168bbe4cf0d274dc0d5f64d7f"

[[package]]
name = "target_feature"
version = "0.1.0"
dependencies = [
 "owo-colors",
]
